// !$*UTF8*$!
{
	archiveVersion = 1;
	classes = {
	};
	objectVersion = 46;
	objects = {

/* Begin PBXBuildFile section */
		253ED7011B82539000AECF56 /* main.m in Sources */ = {isa = PBXBuildFile; fileRef = 253ED7001B82539000AECF56 /* main.m */; };
		253ED7041B82539000AECF56 /* AppDelegate.m in Sources */ = {isa = PBXBuildFile; fileRef = 253ED7031B82539000AECF56 /* AppDelegate.m */; };
		253ED7071B82539000AECF56 /* ViewController.m in Sources */ = {isa = PBXBuildFile; fileRef = 253ED7061B82539000AECF56 /* ViewController.m */; };
		253ED70A1B82539000AECF56 /* Main.storyboard in Resources */ = {isa = PBXBuildFile; fileRef = 253ED7081B82539000AECF56 /* Main.storyboard */; };
		253ED70C1B82539000AECF56 /* Images.xcassets in Resources */ = {isa = PBXBuildFile; fileRef = 253ED70B1B82539000AECF56 /* Images.xcassets */; };
		253ED70F1B82539000AECF56 /* LaunchScreen.xib in Resources */ = {isa = PBXBuildFile; fileRef = 253ED70D1B82539000AECF56 /* LaunchScreen.xib */; };
		253ED71B1B82539100AECF56 /* HypnotiserTests.m in Sources */ = {isa = PBXBuildFile; fileRef = 253ED71A1B82539100AECF56 /* HypnotiserTests.m */; };
/* End PBXBuildFile section */

/* Begin PBXContainerItemProxy section */
		253ED7151B82539100AECF56 /* PBXContainerItemProxy */ = {
			isa = PBXContainerItemProxy;
			containerPortal = 253ED6F31B82539000AECF56 /* Project object */;
			proxyType = 1;
			remoteGlobalIDString = 253ED6FA1B82539000AECF56;
			remoteInfo = Hypnotiser;
		};
/* End PBXContainerItemProxy section */

/* Begin PBXFileReference section */
		253ED6FB1B82539000AECF56 /* Hypnotiser.app */ = {isa = PBXFileReference; explicitFileType = wrapper.application; includeInIndex = 0; path = Hypnotiser.app; sourceTree = BUILT_PRODUCTS_DIR; };
		253ED6FF1B82539000AECF56 /* Info.plist */ = {isa = PBXFileReference; lastKnownFileType = text.plist.xml; path = Info.plist; sourceTree = "<group>"; };
		253ED7001B82539000AECF56 /* main.m */ = {isa = PBXFileReference; lastKnownFileType = sourcecode.c.objc; path = main.m; sourceTree = "<group>"; };
		253ED7021B82539000AECF56 /* AppDelegate.h */ = {isa = PBXFileReference; lastKnownFileType = sourcecode.c.h; path = AppDelegate.h; sourceTree = "<group>"; };
		253ED7031B82539000AECF56 /* AppDelegate.m */ = {isa = PBXFileReference; lastKnownFileType = sourcecode.c.objc; path = AppDelegate.m; sourceTree = "<group>"; };
		253ED7051B82539000AECF56 /* ViewController.h */ = {isa = PBXFileReference; lastKnownFileType = sourcecode.c.h; path = ViewController.h; sourceTree = "<group>"; };
		253ED7061B82539000AECF56 /* ViewController.m */ = {isa = PBXFileReference; lastKnownFileType = sourcecode.c.objc; path = ViewController.m; sourceTree = "<group>"; };
		253ED7091B82539000AECF56 /* Base */ = {isa = PBXFileReference; lastKnownFileType = file.storyboard; name = Base; path = Base.lproj/Main.storyboard; sourceTree = "<group>"; };
		253ED70B1B82539000AECF56 /* Images.xcassets */ = {isa = PBXFileReference; lastKnownFileType = folder.assetcatalog; path = Images.xcassets; sourceTree = "<group>"; };
		253ED70E1B82539000AECF56 /* Base */ = {isa = PBXFileReference; lastKnownFileType = file.xib; name = Base; path = Base.lproj/LaunchScreen.xib; sourceTree = "<group>"; };
		253ED7141B82539100AECF56 /* HypnotiserTests.xctest */ = {isa = PBXFileReference; explicitFileType = wrapper.cfbundle; includeInIndex = 0; path = HypnotiserTests.xctest; sourceTree = BUILT_PRODUCTS_DIR; };
		253ED7191B82539100AECF56 /* Info.plist */ = {isa = PBXFileReference; lastKnownFileType = text.plist.xml; path = Info.plist; sourceTree = "<group>"; };
		253ED71A1B82539100AECF56 /* HypnotiserTests.m */ = {isa = PBXFileReference; lastKnownFileType = sourcecode.c.objc; path = HypnotiserTests.m; sourceTree = "<group>"; };
/* End PBXFileReference section */

/* Begin PBXFrameworksBuildPhase section */
		253ED6F81B82539000AECF56 /* Frameworks */ = {
			isa = PBXFrameworksBuildPhase;
			buildActionMask = 2147483647;
			files = (
			);
			runOnlyForDeploymentPostprocessing = 0;
		};
		253ED7111B82539100AECF56 /* Frameworks */ = {
			isa = PBXFrameworksBuildPhase;
			buildActionMask = 2147483647;
			files = (
			);
			runOnlyForDeploymentPostprocessing = 0;
		};
/* End PBXFrameworksBuildPhase section */

/* Begin PBXGroup section */
		253ED6F21B82539000AECF56 = {
			isa = PBXGroup;
			children = (
				253ED6FD1B82539000AECF56 /* Hypnotiser */,
				253ED7171B82539100AECF56 /* HypnotiserTests */,
				253ED6FC1B82539000AECF56 /* Products */,
			);
			sourceTree = "<group>";
		};
		253ED6FC1B82539000AECF56 /* Products */ = {
			isa = PBXGroup;
			children = (
				253ED6FB1B82539000AECF56 /* Hypnotiser.app */,
				253ED7141B82539100AECF56 /* HypnotiserTests.xctest */,
			);
			name = Products;
			sourceTree = "<group>";
		};
		253ED6FD1B82539000AECF56 /* Hypnotiser */ = {
			isa = PBXGroup;
			children = (
				253ED7021B82539000AECF56 /* AppDelegate.h */,
				253ED7031B82539000AECF56 /* AppDelegate.m */,
				253ED7051B82539000AECF56 /* ViewController.h */,
				253ED7061B82539000AECF56 /* ViewController.m */,
				253ED7081B82539000AECF56 /* Main.storyboard */,
				253ED70B1B82539000AECF56 /* Images.xcassets */,
				253ED70D1B82539000AECF56 /* LaunchScreen.xib */,
				253ED6FE1B82539000AECF56 /* Supporting Files */,
			);
			path = Hypnotiser;
			sourceTree = "<group>";
		};
		253ED6FE1B82539000AECF56 /* Supporting Files */ = {
			isa = PBXGroup;
			children = (
				253ED6FF1B82539000AECF56 /* Info.plist */,
				253ED7001B82539000AECF56 /* main.m */,
			);
			name = "Supporting Files";
			sourceTree = "<group>";
		};
		253ED7171B82539100AECF56 /* HypnotiserTests */ = {
			isa = PBXGroup;
			children = (
				253ED71A1B82539100AECF56 /* HypnotiserTests.m */,
				253ED7181B82539100AECF56 /* Supporting Files */,
			);
			path = HypnotiserTests;
			sourceTree = "<group>";
		};
		253ED7181B82539100AECF56 /* Supporting Files */ = {
			isa = PBXGroup;
			children = (
				253ED7191B82539100AECF56 /* Info.plist */,
			);
			name = "Supporting Files";
			sourceTree = "<group>";
		};
/* End PBXGroup section */

/* Begin PBXNativeTarget section */
		253ED6FA1B82539000AECF56 /* Hypnotiser */ = {
			isa = PBXNativeTarget;
			buildConfigurationList = 253ED71E1B82539100AECF56 /* Build configuration list for PBXNativeTarget "Hypnotiser" */;
			buildPhases = (
				253ED6F71B82539000AECF56 /* Sources */,
				253ED6F81B82539000AECF56 /* Frameworks */,
				253ED6F91B82539000AECF56 /* Resources */,
			);
			buildRules = (
			);
			dependencies = (
			);
			name = Hypnotiser;
			productName = Hypnotiser;
			productReference = 253ED6FB1B82539000AECF56 /* Hypnotiser.app */;
			productType = "com.apple.product-type.application";
		};
		253ED7131B82539100AECF56 /* HypnotiserTests */ = {
			isa = PBXNativeTarget;
			buildConfigurationList = 253ED7211B82539100AECF56 /* Build configuration list for PBXNativeTarget "HypnotiserTests" */;
			buildPhases = (
				253ED7101B82539100AECF56 /* Sources */,
				253ED7111B82539100AECF56 /* Frameworks */,
				253ED7121B82539100AECF56 /* Resources */,
			);
			buildRules = (
			);
			dependencies = (
				253ED7161B82539100AECF56 /* PBXTargetDependency */,
			);
			name = HypnotiserTests;
			productName = HypnotiserTests;
			productReference = 253ED7141B82539100AECF56 /* HypnotiserTests.xctest */;
			productType = "com.apple.product-type.bundle.unit-test";
		};
/* End PBXNativeTarget section */

/* Begin PBXProject section */
		253ED6F31B82539000AECF56 /* Project object */ = {
			isa = PBXProject;
			attributes = {
				LastUpgradeCheck = 0640;
				ORGANIZATIONNAME = "Twenty Two Bits";
				TargetAttributes = {
					253ED6FA1B82539000AECF56 = {
						CreatedOnToolsVersion = 6.4;
					};
					253ED7131B82539100AECF56 = {
						CreatedOnToolsVersion = 6.4;
						TestTargetID = 253ED6FA1B82539000AECF56;
					};
				};
			};
			buildConfigurationList = 253ED6F61B82539000AECF56 /* Build configuration list for PBXProject "Hypnotiser" */;
			compatibilityVersion = "Xcode 3.2";
			developmentRegion = English;
			hasScannedForEncodings = 0;
			knownRegions = (
				en,
				Base,
			);
			mainGroup = 253ED6F21B82539000AECF56;
			productRefGroup = 253ED6FC1B82539000AECF56 /* Products */;
			projectDirPath = "";
			projectRoot = "";
			targets = (
				253ED6FA1B82539000AECF56 /* Hypnotiser */,
				253ED7131B82539100AECF56 /* HypnotiserTests */,
			);
		};
/* End PBXProject section */

/* Begin PBXResourcesBuildPhase section */
		253ED6F91B82539000AECF56 /* Resources */ = {
			isa = PBXResourcesBuildPhase;
			buildActionMask = 2147483647;
			files = (
				253ED70A1B82539000AECF56 /* Main.storyboard in Resources */,
				253ED70F1B82539000AECF56 /* LaunchScreen.xib in Resources */,
				253ED70C1B82539000AECF56 /* Images.xcassets in Resources */,
			);
			runOnlyForDeploymentPostprocessing = 0;
		};
		253ED7121B82539100AECF56 /* Resources */ = {
			isa = PBXResourcesBuildPhase;
			buildActionMask = 2147483647;
			files = (
			);
			runOnlyForDeploymentPostprocessing = 0;
		};
/* End PBXResourcesBuildPhase section */

/* Begin PBXSourcesBuildPhase section */
		253ED6F71B82539000AECF56 /* Sources */ = {
			isa = PBXSourcesBuildPhase;
			buildActionMask = 2147483647;
			files = (
				253ED7071B82539000AECF56 /* ViewController.m in Sources */,
				253ED7041B82539000AECF56 /* AppDelegate.m in Sources */,
				253ED7011B82539000AECF56 /* main.m in Sources */,
			);
			runOnlyForDeploymentPostprocessing = 0;
		};
		253ED7101B82539100AECF56 /* Sources */ = {
			isa = PBXSourcesBuildPhase;
			buildActionMask = 2147483647;
			files = (
				253ED71B1B82539100AECF56 /* HypnotiserTests.m in Sources */,
			);
			runOnlyForDeploymentPostprocessing = 0;
		};
/* End PBXSourcesBuildPhase section */

/* Begin PBXTargetDependency section */
		253ED7161B82539100AECF56 /* PBXTargetDependency */ = {
			isa = PBXTargetDependency;
			target = 253ED6FA1B82539000AECF56 /* Hypnotiser */;
			targetProxy = 253ED7151B82539100AECF56 /* PBXContainerItemProxy */;
		};
/* End PBXTargetDependency section */

/* Begin PBXVariantGroup section */
		253ED7081B82539000AECF56 /* Main.storyboard */ = {
			isa = PBXVariantGroup;
			children = (
				253ED7091B82539000AECF56 /* Base */,
			);
			name = Main.storyboard;
			sourceTree = "<group>";
		};
		253ED70D1B82539000AECF56 /* LaunchScreen.xib */ = {
			isa = PBXVariantGroup;
			children = (
				253ED70E1B82539000AECF56 /* Base */,
			);
			name = LaunchScreen.xib;
			sourceTree = "<group>";
		};
/* End PBXVariantGroup section */

/* Begin XCBuildConfiguration section */
		253ED71C1B82539100AECF56 /* Debug */ = {
			isa = XCBuildConfiguration;
			buildSettings = {
				ALWAYS_SEARCH_USER_PATHS = NO;
				CLANG_CXX_LANGUAGE_STANDARD = "gnu++0x";
				CLANG_CXX_LIBRARY = "libc++";
				CLANG_ENABLE_MODULES = YES;
				CLANG_ENABLE_OBJC_ARC = YES;
				CLANG_WARN_BOOL_CONVERSION = YES;
				CLANG_WARN_CONSTANT_CONVERSION = YES;
				CLANG_WARN_DIRECT_OBJC_ISA_USAGE = YES_ERROR;
				CLANG_WARN_EMPTY_BODY = YES;
				CLANG_WARN_ENUM_CONVERSION = YES;
				CLANG_WARN_INT_CONVERSION = YES;
				CLANG_WARN_OBJC_ROOT_CLASS = YES_ERROR;
				CLANG_WARN_UNREACHABLE_CODE = YES;
				CLANG_WARN__DUPLICATE_METHOD_MATCH = YES;
				"CODE_SIGN_IDENTITY[sdk=iphoneos*]" = "iPhone Developer";
				COPY_PHASE_STRIP = NO;
				DEBUG_INFORMATION_FORMAT = "dwarf-with-dsym";
				ENABLE_STRICT_OBJC_MSGSEND = YES;
				GCC_C_LANGUAGE_STANDARD = gnu99;
				GCC_DYNAMIC_NO_PIC = NO;
				GCC_NO_COMMON_BLOCKS = YES;
				GCC_OPTIMIZATION_LEVEL = 0;
				GCC_PREPROCESSOR_DEFINITIONS = (
					"DEBUG=1",
					"$(inherited)",
				);
				GCC_SYMBOLS_PRIVATE_EXTERN = NO;
				GCC_WARN_64_TO_32_BIT_CONVERSION = YES;
				GCC_WARN_ABOUT_RETURN_TYPE = YES_ERROR;
				GCC_WARN_UNDECLARED_SELECTOR = YES;
				GCC_WARN_UNINITIALIZED_AUTOS = YES_AGGRESSIVE;
				GCC_WARN_UNUSED_FUNCTION = YES;
				GCC_WARN_UNUSED_VARIABLE = YES;
				IPHONEOS_DEPLOYMENT_TARGET = 8.4;
				MTL_ENABLE_DEBUG_INFO = YES;
				ONLY_ACTIVE_ARCH = YES;
				SDKROOT = iphoneos;
			};
			name = Debug;
		};
		253ED71D1B82539100AECF56 /* Release */ = {
			isa = XCBuildConfiguration;
			buildSettings = {
				ALWAYS_SEARCH_USER_PATHS = NO;
				CLANG_CXX_LANGUAGE_STANDARD = "gnu++0x";
				CLANG_CXX_LIBRARY = "libc++";
				CLANG_ENABLE_MODULES = YES;
				CLANG_ENABLE_OBJC_ARC = YES;
				CLANG_WARN_BOOL_CONVERSION = YES;
				CLANG_WARN_CONSTANT_CONVERSION = YES;
				CLANG_WARN_DIRECT_OBJC_ISA_USAGE = YES_ERROR;
				CLANG_WARN_EMPTY_BODY = YES;
				CLANG_WARN_ENUM_CONVERSION = YES;
				CLANG_WARN_INT_CONVERSION = YES;
				CLANG_WARN_OBJC_ROOT_CLASS = YES_ERROR;
				CLANG_WARN_UNREACHABLE_CODE = YES;
				CLANG_WARN__DUPLICATE_METHOD_MATCH = YES;
				"CODE_SIGN_IDENTITY[sdk=iphoneos*]" = "iPhone Developer";
				COPY_PHASE_STRIP = NO;
				DEBUG_INFORMATION_FORMAT = "dwarf-with-dsym";
				ENABLE_NS_ASSERTIONS = NO;
				ENABLE_STRICT_OBJC_MSGSEND = YES;
				GCC_C_LANGUAGE_STANDARD = gnu99;
				GCC_NO_COMMON_BLOCKS = YES;
				GCC_WARN_64_TO_32_BIT_CONVERSION = YES;
				GCC_WARN_ABOUT_RETURN_TYPE = YES_ERROR;
				GCC_WARN_UNDECLARED_SELECTOR = YES;
				GCC_WARN_UNINITIALIZED_AUTOS = YES_AGGRESSIVE;
				GCC_WARN_UNUSED_FUNCTION = YES;
				GCC_WARN_UNUSED_VARIABLE = YES;
				IPHONEOS_DEPLOYMENT_TARGET = 8.4;
				MTL_ENABLE_DEBUG_INFO = NO;
				SDKROOT = iphoneos;
				VALIDATE_PRODUCT = YES;
			};
			name = Release;
		};
		253ED71F1B82539100AECF56 /* Debug */ = {
			isa = XCBuildConfiguration;
			buildSettings = {
				ASSETCATALOG_COMPILER_APPICON_NAME = AppIcon;
				INFOPLIST_FILE = Hypnotiser/Info.plist;
				LD_RUNPATH_SEARCH_PATHS = "$(inherited) @executable_path/Frameworks";
				PRODUCT_NAME = "$(TARGET_NAME)";
			};
			name = Debug;
		};
		253ED7201B82539100AECF56 /* Release */ = {
			isa = XCBuildConfiguration;
			buildSettings = {
				ASSETCATALOG_COMPILER_APPICON_NAME = AppIcon;
				INFOPLIST_FILE = Hypnotiser/Info.plist;
				LD_RUNPATH_SEARCH_PATHS = "$(inherited) @executable_path/Frameworks";
				PRODUCT_NAME = "$(TARGET_NAME)";
			};
			name = Release;
		};
		253ED7221B82539100AECF56 /* Debug */ = {
			isa = XCBuildConfiguration;
			buildSettings = {
				BUNDLE_LOADER = "$(TEST_HOST)";
				FRAMEWORK_SEARCH_PATHS = (
					"$(SDKROOT)/Developer/Library/Frameworks",
					"$(inherited)",
				);
				GCC_PREPROCESSOR_DEFINITIONS = (
					"DEBUG=1",
					"$(inherited)",
				);
				INFOPLIST_FILE = HypnotiserTests/Info.plist;
				LD_RUNPATH_SEARCH_PATHS = "$(inherited) @executable_path/Frameworks @loader_path/Frameworks";
				PRODUCT_NAME = "$(TARGET_NAME)";
				TEST_HOST = "$(BUILT_PRODUCTS_DIR)/Hypnotiser.app/Hypnotiser";
			};
			name = Debug;
		};
		253ED7231B82539100AECF56 /* Release */ = {
			isa = XCBuildConfiguration;
			buildSettings = {
				BUNDLE_LOADER = "$(TEST_HOST)";
				FRAMEWORK_SEARCH_PATHS = (
					"$(SDKROOT)/Developer/Library/Frameworks",
					"$(inherited)",
				);
				INFOPLIST_FILE = HypnotiserTests/Info.plist;
				LD_RUNPATH_SEARCH_PATHS = "$(inherited) @executable_path/Frameworks @loader_path/Frameworks";
				PRODUCT_NAME = "$(TARGET_NAME)";
				TEST_HOST = "$(BUILT_PRODUCTS_DIR)/Hypnotiser.app/Hypnotiser";
			};
			name = Release;
		};
/* End XCBuildConfiguration section */

/* Begin XCConfigurationList section */
		253ED6F61B82539000AECF56 /* Build configuration list for PBXProject "Hypnotiser" */ = {
			isa = XCConfigurationList;
			buildConfigurations = (
				253ED71C1B82539100AECF56 /* Debug */,
				253ED71D1B82539100AECF56 /* Release */,
			);
			defaultConfigurationIsVisible = 0;
			defaultConfigurationName = Release;
		};
		253ED71E1B82539100AECF56 /* Build configuration list for PBXNativeTarget "Hypnotiser" */ = {
			isa = XCConfigurationList;
			buildConfigurations = (
				253ED71F1B82539100AECF56 /* Debug */,
				253ED7201B82539100AECF56 /* Release */,
			);
			defaultConfigurationIsVisible = 0;
		};
		253ED7211B82539100AECF56 /* Build configuration list for PBXNativeTarget "HypnotiserTests" */ = {
			isa = XCConfigurationList;
			buildConfigurations = (
				253ED7221B82539100AECF56 /* Debug */,
				253ED7231B82539100AECF56 /* Release */,
			);
			defaultConfigurationIsVisible = 0;
		};
/* End XCConfigurationList section */
	};
	rootObject = 253ED6F31B82539000AECF56 /* Project object */;
}
